
Microsoft Visual Studio Solution File, Format Version 12.00
# Visual Studio Version 16
VisualStudioVersion = 16.0.31911.196
MinimumVisualStudioVersion = 10.0.40219.1
Project("{FAE04EC0-301F-11D3-BF4B-00C04F79EFBC}") = "Carca.Android", "Carca\Carca.Android\Carca.Android.csproj", "{DC74AEE2-4422-4851-BC53-B75C573018B3}"
EndProject
Project("{FAE04EC0-301F-11D3-BF4B-00C04F79EFBC}") = "Carca.iOS", "Carca\Carca.iOS\Carca.iOS.csproj", "{1E6AE65A-EFD2-4E6A-8B17-9F78C1AA8B58}"
EndProject
Project("{FAE04EC0-301F-11D3-BF4B-00C04F79EFBC}") = "Carca", "Carca\Carca\Carca.csproj", "{77D1B389-6635-4647-B04C-3E656D5691C2}"
EndProject
Global
	GlobalSection(SolutionConfigurationPlatforms) = preSolution
		Debug|Any CPU = Debug|Any CPU
		Debug|iPhone = Debug|iPhone
		Debug|iPhoneSimulator = Debug|iPhoneSimulator
		Release|Any CPU = Release|Any CPU
		Release|iPhone = Release|iPhone
		Release|iPhoneSimulator = Release|iPhoneSimulator
	EndGlobalSection
	GlobalSection(ProjectConfigurationPlatforms) = postSolution
		{DC74AEE2-4422-4851-BC53-B75C573018B3}.Debug|Any CPU.ActiveCfg = Debug|Any CPU
		{DC74AEE2-4422-4851-BC53-B75C573018B3}.Debug|Any CPU.Build.0 = Debug|Any CPU
		{DC74AEE2-4422-4851-BC53-B75C573018B3}.Debug|Any CPU.Deploy.0 = Debug|Any CPU
		{DC74AEE2-4422-4851-BC53-B75C573018B3}.Debug|iPhone.ActiveCfg = Debug|Any CPU
		{DC74AEE2-4422-4851-BC53-B75C573018B3}.Debug|iPhone.Build.0 = Debug|Any CPU
		{DC74AEE2-4422-4851-BC53-B75C573018B3}.Debug|iPhone.Deploy.0 = Debug|Any CPU
		{DC74AEE2-4422-4851-BC53-B75C573018B3}.Debug|iPhoneSimulator.ActiveCfg = Debug|Any CPU
		{DC74AEE2-4422-4851-BC53-B75C573018B3}.Debug|iPhoneSimulator.Build.0 = Debug|Any CPU
		{DC74AEE2-4422-4851-BC53-B75C573018B3}.Debug|iPhoneSimulator.Deploy.0 = Debug|Any CPU
		{DC74AEE2-4422-4851-BC53-B75C573018B3}.Release|Any CPU.ActiveCfg = Release|Any CPU
		{DC74AEE2-4422-4851-BC53-B75C573018B3}.Release|Any CPU.Build.0 = Release|Any CPU
		{DC74AEE2-4422-4851-BC53-B75C573018B3}.Release|Any CPU.Deploy.0 = Release|Any CPU
		{DC74AEE2-4422-4851-BC53-B75C573018B3}.Release|iPhone.ActiveCfg = Release|Any CPU
		{DC74AEE2-4422-4851-BC53-B75C573018B3}.Release|iPhone.Build.0 = Release|Any CPU
		{DC74AEE2-4422-4851-BC53-B75C573018B3}.Release|iPhone.Deploy.0 = Release|Any CPU
		{DC74AEE2-4422-4851-BC53-B75C573018B3}.Release|iPhoneSimulator.ActiveCfg = Release|Any CPU
		{DC74AEE2-4422-4851-BC53-B75C573018B3}.Release|iPhoneSimulator.Build.0 = Release|Any CPU
		{DC74AEE2-4422-4851-BC53-B75C573018B3}.Release|iPhoneSimulator.Deploy.0 = Release|Any CPU
		{1E6AE65A-EFD2-4E6A-8B17-9F78C1AA8B58}.Debug|Any CPU.ActiveCfg = Debug|iPhone
		{1E6AE65A-EFD2-4E6A-8B17-9F78C1AA8B58}.Debug|Any CPU.Build.0 = Debug|iPhone
		{1E6AE65A-EFD2-4E6A-8B17-9F78C1AA8B58}.Debug|Any CPU.Deploy.0 = Debug|iPhone
		{1E6AE65A-EFD2-4E6A-8B17-9F78C1AA8B58}.Debug|iPhone.ActiveCfg = Debug|iPhone
		{1E6AE65A-EFD2-4E6A-8B17-9F78C1AA8B58}.Debug|iPhone.Build.0 = Debug|iPhone
		{1E6AE65A-EFD2-4E6A-8B17-9F78C1AA8B58}.Debug|iPhone.Deploy.0 = Debug|iPhone
		{1E6AE65A-EFD2-4E6A-8B17-9F78C1AA8B58}.Debug|iPhoneSimulator.ActiveCfg = Debug|iPhoneSimulator
		{1E6AE65A-EFD2-4E6A-8B17-9F78C1AA8B58}.Debug|iPhoneSimulator.Build.0 = Debug|iPhoneSimulator
		{1E6AE65A-EFD2-4E6A-8B17-9F78C1AA8B58}.Debug|iPhoneSimulator.Deploy.0 = Debug|iPhoneSimulator
		{1E6AE65A-EFD2-4E6A-8B17-9F78C1AA8B58}.Release|Any CPU.ActiveCfg = Release|iPhoneSimulator
		{1E6AE65A-EFD2-4E6A-8B17-9F78C1AA8B58}.Release|Any CPU.Build.0 = Release|iPhoneSimulator
		{1E6AE65A-EFD2-4E6A-8B17-9F78C1AA8B58}.Release|Any CPU.Deploy.0 = Release|iPhoneSimulator
		{1E6AE65A-EFD2-4E6A-8B17-9F78C1AA8B58}.Release|iPhone.ActiveCfg = Release|iPhone
		{1E6AE65A-EFD2-4E6A-8B17-9F78C1AA8B58}.Release|iPhone.Build.0 = Release|iPhone
		{1E6AE65A-EFD2-4E6A-8B17-9F78C1AA8B58}.Release|iPhone.Deploy.0 = Release|iPhone
		{1E6AE65A-EFD2-4E6A-8B17-9F78C1AA8B58}.Release|iPhoneSimulator.ActiveCfg = Release|iPhoneSimulator
		{1E6AE65A-EFD2-4E6A-8B17-9F78C1AA8B58}.Release|iPhoneSimulator.Build.0 = Release|iPhoneSimulator
		{1E6AE65A-EFD2-4E6A-8B17-9F78C1AA8B58}.Release|iPhoneSimulator.Deploy.0 = Release|iPhoneSimulator
		{77D1B389-6635-4647-B04C-3E656D5691C2}.Debug|Any CPU.ActiveCfg = Debug|Any CPU
		{77D1B389-6635-4647-B04C-3E656D5691C2}.Debug|Any CPU.Build.0 = Debug|Any CPU
		{77D1B389-6635-4647-B04C-3E656D5691C2}.Debug|Any CPU.Deploy.0 = Debug|Any CPU
		{77D1B389-6635-4647-B04C-3E656D5691C2}.Debug|iPhone.ActiveCfg = Debug|Any CPU
		{77D1B389-6635-4647-B04C-3E656D5691C2}.Debug|iPhone.Build.0 = Debug|Any CPU
		{77D1B389-6635-4647-B04C-3E656D5691C2}.Debug|iPhone.Deploy.0 = Debug|Any CPU
		{77D1B389-6635-4647-B04C-3E656D5691C2}.Debug|iPhoneSimulator.ActiveCfg = Debug|Any CPU
		{77D1B389-6635-4647-B04C-3E656D5691C2}.Debug|iPhoneSimulator.Build.0 = Debug|Any CPU
		{77D1B389-6635-4647-B04C-3E656D5691C2}.Debug|iPhoneSimulator.Deploy.0 = Debug|Any CPU
		{77D1B389-6635-4647-B04C-3E656D5691C2}.Release|Any CPU.ActiveCfg = Release|Any CPU
		{77D1B389-6635-4647-B04C-3E656D5691C2}.Release|Any CPU.Build.0 = Release|Any CPU
		{77D1B389-6635-4647-B04C-3E656D5691C2}.Release|Any CPU.Deploy.0 = Release|Any CPU
		{77D1B389-6635-4647-B04C-3E656D5691C2}.Release|iPhone.ActiveCfg = Release|Any CPU
		{77D1B389-6635-4647-B04C-3E656D5691C2}.Release|iPhone.Build.0 = Release|Any CPU
		{77D1B389-6635-4647-B04C-3E656D5691C2}.Release|iPhone.Deploy.0 = Release|Any CPU
		{77D1B389-6635-4647-B04C-3E656D5691C2}.Release|iPhoneSimulator.ActiveCfg = Release|Any CPU
		{77D1B389-6635-4647-B04C-3E656D5691C2}.Release|iPhoneSimulator.Build.0 = Release|Any CPU
		{77D1B389-6635-4647-B04C-3E656D5691C2}.Release|iPhoneSimulator.Deploy.0 = Release|Any CPU
	EndGlobalSection
	GlobalSection(SolutionProperties) = preSolution
		HideSolutionNode = FALSE
	EndGlobalSection
	GlobalSection(ExtensibilityGlobals) = postSolution
		SolutionGuid = {7BB2C948-5DBF-41A5-8D12-CF69399A7C22}
	EndGlobalSection
EndGlobal
